// !$*UTF8*$!
{
	archiveVersion = 1;
	classes = {
	};
	objectVersion = 56;
	objects = {

/* Begin PBXBuildFile section */
		14573BE92A87D4B700A37132 /* SignUpView.swift in Sources */ = {isa = PBXBuildFile; fileRef = 14573BE82A87D4B700A37132 /* SignUpView.swift */; };
		14573BEB2A87D85300A37132 /* HomeView.swift in Sources */ = {isa = PBXBuildFile; fileRef = 14573BEA2A87D85300A37132 /* HomeView.swift */; };
		14847E202A87C5E50005C172 /* FirebaseAuth in Frameworks */ = {isa = PBXBuildFile; productRef = 14847E1F2A87C5E50005C172 /* FirebaseAuth */; };
		14847E262A87C8670005C172 /* AuthViewModel.swift in Sources */ = {isa = PBXBuildFile; fileRef = 14847E252A87C8670005C172 /* AuthViewModel.swift */; };
		14B619D12A87B4D0002BA937 /* FAuthApp.swift in Sources */ = {isa = PBXBuildFile; fileRef = 14B619D02A87B4D0002BA937 /* FAuthApp.swift */; };
		14B619D32A87B4D0002BA937 /* ContentView.swift in Sources */ = {isa = PBXBuildFile; fileRef = 14B619D22A87B4D0002BA937 /* ContentView.swift */; };
		14B619D52A87B4D1002BA937 /* Assets.xcassets in Resources */ = {isa = PBXBuildFile; fileRef = 14B619D42A87B4D1002BA937 /* Assets.xcassets */; };
		14B619D82A87B4D1002BA937 /* Preview Assets.xcassets in Resources */ = {isa = PBXBuildFile; fileRef = 14B619D72A87B4D1002BA937 /* Preview Assets.xcassets */; };
		14B619DF2A87C176002BA937 /* GoogleService-Info.plist in Resources */ = {isa = PBXBuildFile; fileRef = 14B619DE2A87C175002BA937 /* GoogleService-Info.plist */; };
/* End PBXBuildFile section */

/* Begin PBXFileReference section */
		14573BE82A87D4B700A37132 /* SignUpView.swift */ = {isa = PBXFileReference; lastKnownFileType = sourcecode.swift; path = SignUpView.swift; sourceTree = "<group>"; };
		14573BEA2A87D85300A37132 /* HomeView.swift */ = {isa = PBXFileReference; lastKnownFileType = sourcecode.swift; path = HomeView.swift; sourceTree = "<group>"; };
		14847E252A87C8670005C172 /* AuthViewModel.swift */ = {isa = PBXFileReference; lastKnownFileType = sourcecode.swift; path = AuthViewModel.swift; sourceTree = "<group>"; };
		14B619CD2A87B4D0002BA937 /* fauth.app */ = {isa = PBXFileReference; explicitFileType = wrapper.application; includeInIndex = 0; path = fauth.app; sourceTree = BUILT_PRODUCTS_DIR; };
		14B619D02A87B4D0002BA937 /* FAuthApp.swift */ = {isa = PBXFileReference; lastKnownFileType = sourcecode.swift; path = FAuthApp.swift; sourceTree = "<group>"; };
		14B619D22A87B4D0002BA937 /* ContentView.swift */ = {isa = PBXFileReference; lastKnownFileType = sourcecode.swift; path = ContentView.swift; sourceTree = "<group>"; };
		14B619D42A87B4D1002BA937 /* Assets.xcassets */ = {isa = PBXFileReference; lastKnownFileType = folder.assetcatalog; path = Assets.xcassets; sourceTree = "<group>"; };
		14B619D72A87B4D1002BA937 /* Preview Assets.xcassets */ = {isa = PBXFileReference; lastKnownFileType = folder.assetcatalog; path = "Preview Assets.xcassets"; sourceTree = "<group>"; };
		14B619DE2A87C175002BA937 /* GoogleService-Info.plist */ = {isa = PBXFileReference; fileEncoding = 4; lastKnownFileType = text.plist.xml; path = "GoogleService-Info.plist"; sourceTree = "<group>"; };
/* End PBXFileReference section */

/* Begin PBXFrameworksBuildPhase section */
		14B619CA2A87B4D0002BA937 /* Frameworks */ = {
			isa = PBXFrameworksBuildPhase;
			buildActionMask = 2147483647;
			files = (
				14847E202A87C5E50005C172 /* FirebaseAuth in Frameworks */,
			);
			runOnlyForDeploymentPostprocessing = 0;
		};
/* End PBXFrameworksBuildPhase section */

/* Begin PBXGroup section */
		14847E212A87C7E70005C172 /* Model */ = {
			isa = PBXGroup;
			children = (
				14847E252A87C8670005C172 /* AuthViewModel.swift */,
			);
			path = Model;
			sourceTree = "<group>";
		};
		14847E222A87C7F10005C172 /* Views */ = {
			isa = PBXGroup;
			children = (
				14B619D22A87B4D0002BA937 /* ContentView.swift */,
				14573BE82A87D4B700A37132 /* SignUpView.swift */,
				14573BEA2A87D85300A37132 /* HomeView.swift */,
			);
			path = Views;
			sourceTree = "<group>";
		};
		14B619C42A87B4D0002BA937 = {
			isa = PBXGroup;
			children = (
				14B619CF2A87B4D0002BA937 /* fauth */,
				14B619CE2A87B4D0002BA937 /* Products */,
			);
			sourceTree = "<group>";
		};
		14B619CE2A87B4D0002BA937 /* Products */ = {
			isa = PBXGroup;
			children = (
				14B619CD2A87B4D0002BA937 /* fauth.app */,
			);
			name = Products;
			sourceTree = "<group>";
		};
		14B619CF2A87B4D0002BA937 /* fauth */ = {
			isa = PBXGroup;
			children = (
				14847E222A87C7F10005C172 /* Views */,
				14847E212A87C7E70005C172 /* Model */,
				14B619D02A87B4D0002BA937 /* FAuthApp.swift */,
				14B619DE2A87C175002BA937 /* GoogleService-Info.plist */,
				14B619D42A87B4D1002BA937 /* Assets.xcassets */,
				14B619D62A87B4D1002BA937 /* Preview Content */,
			);
			path = fauth;
			sourceTree = "<group>";
		};
		14B619D62A87B4D1002BA937 /* Preview Content */ = {
			isa = PBXGroup;
			children = (
				14B619D72A87B4D1002BA937 /* Preview Assets.xcassets */,
			);
			path = "Preview Content";
			sourceTree = "<group>";
		};
/* End PBXGroup section */

/* Begin PBXNativeTarget section */
		14B619CC2A87B4D0002BA937 /* fauth */ = {
			isa = PBXNativeTarget;
			buildConfigurationList = 14B619DB2A87B4D1002BA937 /* Build configuration list for PBXNativeTarget "fauth" */;
			buildPhases = (
				14B619C92A87B4D0002BA937 /* Sources */,
				14B619CA2A87B4D0002BA937 /* Frameworks */,
				14B619CB2A87B4D0002BA937 /* Resources */,
			);
			buildRules = (
			);
			dependencies = (
			);
			name = fauth;
			packageProductDependencies = (
				14847E1F2A87C5E50005C172 /* FirebaseAuth */,
			);
			productName = fauth;
			productReference = 14B619CD2A87B4D0002BA937 /* fauth.app */;
			productType = "com.apple.product-type.application";
		};
/* End PBXNativeTarget section */

/* Begin PBXProject section */
		14B619C52A87B4D0002BA937 /* Project object */ = {
			isa = PBXProject;
			attributes = {
				BuildIndependentTargetsInParallel = 1;
				LastSwiftUpdateCheck = 1430;
				LastUpgradeCheck = 1430;
				TargetAttributes = {
					14B619CC2A87B4D0002BA937 = {
						CreatedOnToolsVersion = 14.3.1;
					};
				};
			};
			buildConfigurationList = 14B619C82A87B4D0002BA937 /* Build configuration list for PBXProject "fauth" */;
			compatibilityVersion = "Xcode 14.0";
			developmentRegion = en;
			hasScannedForEncodings = 0;
			knownRegions = (
				en,
				Base,
			);
			mainGroup = 14B619C42A87B4D0002BA937;
			packageReferences = (
				14847E1E2A87C5E50005C172 /* XCRemoteSwiftPackageReference "firebase-ios-sdk" */,
			);
			productRefGroup = 14B619CE2A87B4D0002BA937 /* Products */;
			projectDirPath = "";
			projectRoot = "";
			targets = (
				14B619CC2A87B4D0002BA937 /* fauth */,
			);
		};
/* End PBXProject section */

/* Begin PBXResourcesBuildPhase section */
		14B619CB2A87B4D0002BA937 /* Resources */ = {
			isa = PBXResourcesBuildPhase;
			buildActionMask = 2147483647;
			files = (
				14B619D82A87B4D1002BA937 /* Preview Assets.xcassets in Resources */,
				14B619D52A87B4D1002BA937 /* Assets.xcassets in Resources */,
				14B619DF2A87C176002BA937 /* GoogleService-Info.plist in Resources */,
			);
			runOnlyForDeploymentPostprocessing = 0;
		};
/* End PBXResourcesBuildPhase section */

/* Begin PBXSourcesBuildPhase section */
		14B619C92A87B4D0002BA937 /* Sources */ = {
			isa = PBXSourcesBuildPhase;
			buildActionMask = 2147483647;
			files = (
				14573BE92A87D4B700A37132 /* SignUpView.swift in Sources */,
				14B619D32A87B4D0002BA937 /* ContentView.swift in Sources */,
				14B619D12A87B4D0002BA937 /* FAuthApp.swift in Sources */,
				14573BEB2A87D85300A37132 /* HomeView.swift in Sources */,
				14847E262A87C8670005C172 /* AuthViewModel.swift in Sources */,
			);
			runOnlyForDeploymentPostprocessing = 0;
		};
/* End PBXSourcesBuildPhase section */

/* Begin XCBuildConfiguration section */
		14B619D92A87B4D1002BA937 /* Debug */ = {
			isa = XCBuildConfiguration;
			buildSettings = {
				ALWAYS_SEARCH_USER_PATHS = NO;
				CLANG_ANALYZER_NONNULL = YES;
				CLANG_ANALYZER_NUMBER_OBJECT_CONVERSION = YES_AGGRESSIVE;
				CLANG_CXX_LANGUAGE_STANDARD = "gnu++20";
				CLANG_ENABLE_MODULES = YES;
				CLANG_ENABLE_OBJC_ARC = YES;
				CLANG_ENABLE_OBJC_WEAK = YES;
				CLANG_WARN_BLOCK_CAPTURE_AUTORELEASING = YES;
				CLANG_WARN_BOOL_CONVERSION = YES;
				CLANG_WARN_COMMA = YES;
				CLANG_WARN_CONSTANT_CONVERSION = YES;
				CLANG_WARN_DEPRECATED_OBJC_IMPLEMENTATIONS = YES;
				CLANG_WARN_DIRECT_OBJC_ISA_USAGE = YES_ERROR;
				CLANG_WARN_DOCUMENTATION_COMMENTS = YES;
				CLANG_WARN_EMPTY_BODY = YES;
				CLANG_WARN_ENUM_CONVERSION = YES;
				CLANG_WARN_INFINITE_RECURSION = YES;
				CLANG_WARN_INT_CONVERSION = YES;
				CLANG_WARN_NON_LITERAL_NULL_CONVERSION = YES;
				CLANG_WARN_OBJC_IMPLICIT_RETAIN_SELF = YES;
				CLANG_WARN_OBJC_LITERAL_CONVERSION = YES;
				CLANG_WARN_OBJC_ROOT_CLASS = YES_ERROR;
				CLANG_WARN_QUOTED_INCLUDE_IN_FRAMEWORK_HEADER = YES;
				CLANG_WARN_RANGE_LOOP_ANALYSIS = YES;
				CLANG_WARN_STRICT_PROTOTYPES = YES;
				CLANG_WARN_SUSPICIOUS_MOVE = YES;
				CLANG_WARN_UNGUARDED_AVAILABILITY = YES_AGGRESSIVE;
				CLANG_WARN_UNREACHABLE_CODE = YES;
				CLANG_WARN__DUPLICATE_METHOD_MATCH = YES;
				COPY_PHASE_STRIP = NO;
				DEBUG_INFORMATION_FORMAT = dwarf;
				ENABLE_STRICT_OBJC_MSGSEND = YES;
				ENABLE_TESTABILITY = YES;
				GCC_C_LANGUAGE_STANDARD = gnu11;
				GCC_DYNAMIC_NO_PIC = NO;
				GCC_NO_COMMON_BLOCKS = YES;
				GCC_OPTIMIZATION_LEVEL = 0;
				GCC_PREPROCESSOR_DEFINITIONS = (
					"DEBUG=1",
					"$(inherited)",
				);
				GCC_WARN_64_TO_32_BIT_CONVERSION = YES;
				GCC_WARN_ABOUT_RETURN_TYPE = YES_ERROR;
				GCC_WARN_UNDECLARED_SELECTOR = YES;
				GCC_WARN_UNINITIALIZED_AUTOS = YES_AGGRESSIVE;
				GCC_WARN_UNUSED_FUNCTION = YES;
				GCC_WARN_UNUSED_VARIABLE = YES;
				IPHONEOS_DEPLOYMENT_TARGET = 16.4;
				MTL_ENABLE_DEBUG_INFO = INCLUDE_SOURCE;
				MTL_FAST_MATH = YES;
				ONLY_ACTIVE_ARCH = YES;
				SDKROOT = iphoneos;
				SWIFT_ACTIVE_COMPILATION_CONDITIONS = DEBUG;
				SWIFT_OPTIMIZATION_LEVEL = "-Onone";
			};
			name = Debug;
		};
		14B619DA2A87B4D1002BA937 /* Release */ = {
			isa = XCBuildConfiguration;
			buildSettings = {
				ALWAYS_SEARCH_USER_PATHS = NO;
				CLANG_ANALYZER_NONNULL = YES;
				CLANG_ANALYZER_NUMBER_OBJECT_CONVERSION = YES_AGGRESSIVE;
				CLANG_CXX_LANGUAGE_STANDARD = "gnu++20";
				CLANG_ENABLE_MODULES = YES;
				CLANG_ENABLE_OBJC_ARC = YES;
				CLANG_ENABLE_OBJC_WEAK = YES;
				CLANG_WARN_BLOCK_CAPTURE_AUTORELEASING = YES;
				CLANG_WARN_BOOL_CONVERSION = YES;
				CLANG_WARN_COMMA = YES;
				CLANG_WARN_CONSTANT_CONVERSION = YES;
				CLANG_WARN_DEPRECATED_OBJC_IMPLEMENTATIONS = YES;
				CLANG_WARN_DIRECT_OBJC_ISA_USAGE = YES_ERROR;
				CLANG_WARN_DOCUMENTATION_COMMENTS = YES;
				CLANG_WARN_EMPTY_BODY = YES;
				CLANG_WARN_ENUM_CONVERSION = YES;
				CLANG_WARN_INFINITE_RECURSION = YES;
				CLANG_WARN_INT_CONVERSION = YES;
				CLANG_WARN_NON_LITERAL_NULL_CONVERSION = YES;
				CLANG_WARN_OBJC_IMPLICIT_RETAIN_SELF = YES;
				CLANG_WARN_OBJC_LITERAL_CONVERSION = YES;
				CLANG_WARN_OBJC_ROOT_CLASS = YES_ERROR;
				CLANG_WARN_QUOTED_INCLUDE_IN_FRAMEWORK_HEADER = YES;
				CLANG_WARN_RANGE_LOOP_ANALYSIS = YES;
				CLANG_WARN_STRICT_PROTOTYPES = YES;
				CLANG_WARN_SUSPICIOUS_MOVE = YES;
				CLANG_WARN_UNGUARDED_AVAILABILITY = YES_AGGRESSIVE;
				CLANG_WARN_UNREACHABLE_CODE = YES;
				CLANG_WARN__DUPLICATE_METHOD_MATCH = YES;
				COPY_PHASE_STRIP = NO;
				DEBUG_INFORMATION_FORMAT = "dwarf-with-dsym";
				ENABLE_NS_ASSERTIONS = NO;
				ENABLE_STRICT_OBJC_MSGSEND = YES;
				GCC_C_LANGUAGE_STANDARD = gnu11;
				GCC_NO_COMMON_BLOCKS = YES;
				GCC_WARN_64_TO_32_BIT_CONVERSION = YES;
				GCC_WARN_ABOUT_RETURN_TYPE = YES_ERROR;
				GCC_WARN_UNDECLARED_SELECTOR = YES;
				GCC_WARN_UNINITIALIZED_AUTOS = YES_AGGRESSIVE;
				GCC_WARN_UNUSED_FUNCTION = YES;
				GCC_WARN_UNUSED_VARIABLE = YES;
				IPHONEOS_DEPLOYMENT_TARGET = 16.4;
				MTL_ENABLE_DEBUG_INFO = NO;
				MTL_FAST_MATH = YES;
				SDKROOT = iphoneos;
				SWIFT_COMPILATION_MODE = wholemodule;
				SWIFT_OPTIMIZATION_LEVEL = "-O";
				VALIDATE_PRODUCT = YES;
			};
			name = Release;
		};
		14B619DC2A87B4D1002BA937 /* Debug */ = {
			isa = XCBuildConfiguration;
			buildSettings = {
				ASSETCATALOG_COMPILER_APPICON_NAME = AppIcon;
				ASSETCATALOG_COMPILER_GLOBAL_ACCENT_COLOR_NAME = AccentColor;
				CODE_SIGN_STYLE = Automatic;
				CURRENT_PROJECT_VERSION = 1;
				DEVELOPMENT_ASSET_PATHS = "\"fauth/Preview Content\"";
				ENABLE_PREVIEWS = YES;
				GENERATE_INFOPLIST_FILE = YES;
				INFOPLIST_KEY_UIApplicationSceneManifest_Generation = YES;
				INFOPLIST_KEY_UIApplicationSupportsIndirectInputEvents = YES;
				INFOPLIST_KEY_UILaunchScreen_Generation = YES;
				INFOPLIST_KEY_UISupportedInterfaceOrientations_iPad = "UIInterfaceOrientationPortrait UIInterfaceOrientationPortraitUpsideDown UIInterfaceOrientationLandscapeLeft UIInterfaceOrientationLandscapeRight";
				INFOPLIST_KEY_UISupportedInterfaceOrientations_iPhone = "UIInterfaceOrientationPortrait UIInterfaceOrientationLandscapeLeft UIInterfaceOrientationLandscapeRight";
				LD_RUNPATH_SEARCH_PATHS = (
					"$(inherited)",
					"@executable_path/Frameworks",
				);
				MARKETING_VERSION = 1.0;
				PRODUCT_BUNDLE_IDENTIFIER = com.soulll.fauth;
				PRODUCT_NAME = "$(TARGET_NAME)";
				SWIFT_EMIT_LOC_STRINGS = YES;
				SWIFT_VERSION = 5.0;
				TARGETED_DEVICE_FAMILY = "1,2";
			};
			name = Debug;
		};
		14B619DD2A87B4D1002BA937 /* Release */ = {
			isa = XCBuildConfiguration;
			buildSettings = {
				ASSETCATALOG_COMPILER_APPICON_NAME = AppIcon;
				ASSETCATALOG_COMPILER_GLOBAL_ACCENT_COLOR_NAME = AccentColor;
				CODE_SIGN_STYLE = Automatic;
				CURRENT_PROJECT_VERSION = 1;
				DEVELOPMENT_ASSET_PATHS = "\"fauth/Preview Content\"";
				ENABLE_PREVIEWS = YES;
				GENERATE_INFOPLIST_FILE = YES;
				INFOPLIST_KEY_UIApplicationSceneManifest_Generation = YES;
				INFOPLIST_KEY_UIApplicationSupportsIndirectInputEvents = YES;
				INFOPLIST_KEY_UILaunchScreen_Generation = YES;
				INFOPLIST_KEY_UISupportedInterfaceOrientations_iPad = "UIInterfaceOrientationPortrait UIInterfaceOrientationPortraitUpsideDown UIInterfaceOrientationLandscapeLeft UIInterfaceOrientationLandscapeRight";
				INFOPLIST_KEY_UISupportedInterfaceOrientations_iPhone = "UIInterfaceOrientationPortrait UIInterfaceOrientationLandscapeLeft UIInterfaceOrientationLandscapeRight";
				LD_RUNPATH_SEARCH_PATHS = (
					"$(inherited)",
					"@executable_path/Frameworks",
				);
				MARKETING_VERSION = 1.0;
				PRODUCT_BUNDLE_IDENTIFIER = com.soulll.fauth;
				PRODUCT_NAME = "$(TARGET_NAME)";
				SWIFT_EMIT_LOC_STRINGS = YES;
				SWIFT_VERSION = 5.0;
				TARGETED_DEVICE_FAMILY = "1,2";
			};
			name = Release;
		};
/* End XCBuildConfiguration section */

/* Begin XCConfigurationList section */
		14B619C82A87B4D0002BA937 /* Build configuration list for PBXProject "fauth" */ = {
			isa = XCConfigurationList;
			buildConfigurations = (
				14B619D92A87B4D1002BA937 /* Debug */,
				14B619DA2A87B4D1002BA937 /* Release */,
			);
			defaultConfigurationIsVisible = 0;
			defaultConfigurationName = Release;
		};
		14B619DB2A87B4D1002BA937 /* Build configuration list for PBXNativeTarget "fauth" */ = {
			isa = XCConfigurationList;
			buildConfigurations = (
				14B619DC2A87B4D1002BA937 /* Debug */,
				14B619DD2A87B4D1002BA937 /* Release */,
			);
			defaultConfigurationIsVisible = 0;
			defaultConfigurationName = Release;
		};
/* End XCConfigurationList section */

/* Begin XCRemoteSwiftPackageReference section */
		14847E1E2A87C5E50005C172 /* XCRemoteSwiftPackageReference "firebase-ios-sdk" */ = {
			isa = XCRemoteSwiftPackageReference;
			repositoryURL = "https://github.com/firebase/firebase-ios-sdk";
			requirement = {
				kind = upToNextMajorVersion;
				minimumVersion = 10.0.0;
			};
		};
/* End XCRemoteSwiftPackageReference section */

/* Begin XCSwiftPackageProductDependency section */
		14847E1F2A87C5E50005C172 /* FirebaseAuth */ = {
			isa = XCSwiftPackageProductDependency;
			package = 14847E1E2A87C5E50005C172 /* XCRemoteSwiftPackageReference "firebase-ios-sdk" */;
			productName = FirebaseAuth;
		};
/* End XCSwiftPackageProductDependency section */
	};
	rootObject = 14B619C52A87B4D0002BA937 /* Project object */;
}
